
Microsoft Visual Studio Solution File, Format Version 12.00
# Visual Studio Version 16
VisualStudioVersion = 16.0.31025.194
MinimumVisualStudioVersion = 10.0.40219.1
Project("{D2ABAB84-BF74-430A-B69E-9DC6D40DDA17}") = "MDWT2008_AS", "MDWT2008_AS\MDWT2008_AS.dwproj", "{EF1BCDC3-F53D-4A5A-9F61-908117F15B8C}"
EndProject
Global
	GlobalSection(SolutionConfigurationPlatforms) = preSolution
		Development|Default = Development|Default
	EndGlobalSection
	GlobalSection(ProjectConfigurationPlatforms) = postSolution
		{EF1BCDC3-F53D-4A5A-9F61-908117F15B8C}.Development|Default.ActiveCfg = Development
		{EF1BCDC3-F53D-4A5A-9F61-908117F15B8C}.Development|Default.Build.0 = Development
		{EF1BCDC3-F53D-4A5A-9F61-908117F15B8C}.Development|Default.Deploy.0 = Development
	EndGlobalSection
	GlobalSection(SolutionProperties) = preSolution
		HideSolutionNode = FALSE
	EndGlobalSection
	GlobalSection(ExtensibilityGlobals) = postSolution
		SolutionGuid = {1710900B-FCB7-4A3F-BBE5-401ABD729169}
	EndGlobalSection
EndGlobal
