
Microsoft Visual Studio Solution File, Format Version 12.00
# Visual Studio Version 16
VisualStudioVersion = 16.0.30711.63
MinimumVisualStudioVersion = 10.0.40219.1
Project("{FAE04EC0-301F-11D3-BF4B-00C04F79EFBC}") = "GestionDeStock", "GestionDeStock\GestionDeStock.csproj", "{70A61BE0-3C55-4AF1-9BD8-E62AFC9EBD9B}"
EndProject
Global
	GlobalSection(SolutionConfigurationPlatforms) = preSolution
		Debug|Any CPU = Debug|Any CPU
		Release|Any CPU = Release|Any CPU
	EndGlobalSection
	GlobalSection(ProjectConfigurationPlatforms) = postSolution
		{70A61BE0-3C55-4AF1-9BD8-E62AFC9EBD9B}.Debug|Any CPU.ActiveCfg = Debug|Any CPU
		{70A61BE0-3C55-4AF1-9BD8-E62AFC9EBD9B}.Debug|Any CPU.Build.0 = Debug|Any CPU
		{70A61BE0-3C55-4AF1-9BD8-E62AFC9EBD9B}.Release|Any CPU.ActiveCfg = Release|Any CPU
		{70A61BE0-3C55-4AF1-9BD8-E62AFC9EBD9B}.Release|Any CPU.Build.0 = Release|Any CPU
	EndGlobalSection
	GlobalSection(SolutionProperties) = preSolution
		HideSolutionNode = FALSE
	EndGlobalSection
	GlobalSection(ExtensibilityGlobals) = postSolution
		SolutionGuid = {59BEC1EE-8BD5-4B16-B08A-7F8F58716899}
	EndGlobalSection
EndGlobal
