
Microsoft Visual Studio Solution File, Format Version 12.00
# Visual Studio Version 16
VisualStudioVersion = 16.0.30711.63
MinimumVisualStudioVersion = 10.0.40219.1
Project("{FAE04EC0-301F-11D3-BF4B-00C04F79EFBC}") = "Gestion De Comptes Bancaires", "Gestion De Comptes Bancaires\Gestion De Comptes Bancaires.csproj", "{391047B2-9AD2-4F33-B6A3-7C7AFD9DA7B0}"
EndProject
Global
	GlobalSection(SolutionConfigurationPlatforms) = preSolution
		Debug|Any CPU = Debug|Any CPU
		Release|Any CPU = Release|Any CPU
	EndGlobalSection
	GlobalSection(ProjectConfigurationPlatforms) = postSolution
		{391047B2-9AD2-4F33-B6A3-7C7AFD9DA7B0}.Debug|Any CPU.ActiveCfg = Debug|Any CPU
		{391047B2-9AD2-4F33-B6A3-7C7AFD9DA7B0}.Debug|Any CPU.Build.0 = Debug|Any CPU
		{391047B2-9AD2-4F33-B6A3-7C7AFD9DA7B0}.Release|Any CPU.ActiveCfg = Release|Any CPU
		{391047B2-9AD2-4F33-B6A3-7C7AFD9DA7B0}.Release|Any CPU.Build.0 = Release|Any CPU
	EndGlobalSection
	GlobalSection(SolutionProperties) = preSolution
		HideSolutionNode = FALSE
	EndGlobalSection
	GlobalSection(ExtensibilityGlobals) = postSolution
		SolutionGuid = {B93068EC-4DF2-4CE8-B57E-8A8DD58778D7}
	EndGlobalSection
EndGlobal
