
Microsoft Visual Studio Solution File, Format Version 12.00
# Visual Studio Version 16
VisualStudioVersion = 16.0.30804.86
MinimumVisualStudioVersion = 10.0.40219.1
Project("{9A19103F-16F7-4668-BE54-9A1E7A4F7556}") = "SimpleDataApp", "Gestion des clients\SimpleDataApp.csproj", "{59145C85-A611-48E0-AE3A-4EA39CA7691B}"
EndProject
Global
	GlobalSection(SolutionConfigurationPlatforms) = preSolution
		Debug|Any CPU = Debug|Any CPU
		Release|Any CPU = Release|Any CPU
	EndGlobalSection
	GlobalSection(ProjectConfigurationPlatforms) = postSolution
		{59145C85-A611-48E0-AE3A-4EA39CA7691B}.Debug|Any CPU.ActiveCfg = Debug|Any CPU
		{59145C85-A611-48E0-AE3A-4EA39CA7691B}.Debug|Any CPU.Build.0 = Debug|Any CPU
		{59145C85-A611-48E0-AE3A-4EA39CA7691B}.Release|Any CPU.ActiveCfg = Release|Any CPU
		{59145C85-A611-48E0-AE3A-4EA39CA7691B}.Release|Any CPU.Build.0 = Release|Any CPU
	EndGlobalSection
	GlobalSection(SolutionProperties) = preSolution
		HideSolutionNode = FALSE
	EndGlobalSection
	GlobalSection(ExtensibilityGlobals) = postSolution
		SolutionGuid = {8FA99A8D-53EB-4B9E-ACBA-556A8020A5A6}
	EndGlobalSection
EndGlobal
