
Microsoft Visual Studio Solution File, Format Version 12.00
# Visual Studio Version 16
VisualStudioVersion = 16.0.31005.135
MinimumVisualStudioVersion = 10.0.40219.1
Project("{FAE04EC0-301F-11D3-BF4B-00C04F79EFBC}") = "gestionDesEtudiants", "gestionDesEtudiants\gestionDesEtudiants.csproj", "{CE74317E-835E-428F-B6A3-D689851153B8}"
EndProject
Global
	GlobalSection(SolutionConfigurationPlatforms) = preSolution
		Debug|Any CPU = Debug|Any CPU
		Release|Any CPU = Release|Any CPU
	EndGlobalSection
	GlobalSection(ProjectConfigurationPlatforms) = postSolution
		{CE74317E-835E-428F-B6A3-D689851153B8}.Debug|Any CPU.ActiveCfg = Debug|Any CPU
		{CE74317E-835E-428F-B6A3-D689851153B8}.Debug|Any CPU.Build.0 = Debug|Any CPU
		{CE74317E-835E-428F-B6A3-D689851153B8}.Release|Any CPU.ActiveCfg = Release|Any CPU
		{CE74317E-835E-428F-B6A3-D689851153B8}.Release|Any CPU.Build.0 = Release|Any CPU
	EndGlobalSection
	GlobalSection(SolutionProperties) = preSolution
		HideSolutionNode = FALSE
	EndGlobalSection
	GlobalSection(ExtensibilityGlobals) = postSolution
		SolutionGuid = {ABC27C4E-2E37-4C39-A042-60A17844930D}
	EndGlobalSection
EndGlobal
