
Microsoft Visual Studio Solution File, Format Version 12.00
# Visual Studio Version 16
VisualStudioVersion = 16.0.31025.194
MinimumVisualStudioVersion = 10.0.40219.1
Project("{FAE04EC0-301F-11D3-BF4B-00C04F79EFBC}") = "Demo.Android", "Demo.Android\Demo.Android.csproj", "{1E126DDA-025F-4B0A-BF5C-569656860605}"
EndProject
Project("{FAE04EC0-301F-11D3-BF4B-00C04F79EFBC}") = "Demo", "Demo\Demo.csproj", "{243CD313-61BC-4C1F-8ECD-9A0827F66F95}"
EndProject
Global
	GlobalSection(SolutionConfigurationPlatforms) = preSolution
		Debug|Any CPU = Debug|Any CPU
		Release|Any CPU = Release|Any CPU
	EndGlobalSection
	GlobalSection(ProjectConfigurationPlatforms) = postSolution
		{1E126DDA-025F-4B0A-BF5C-569656860605}.Debug|Any CPU.ActiveCfg = Debug|Any CPU
		{1E126DDA-025F-4B0A-BF5C-569656860605}.Debug|Any CPU.Build.0 = Debug|Any CPU
		{1E126DDA-025F-4B0A-BF5C-569656860605}.Debug|Any CPU.Deploy.0 = Debug|Any CPU
		{1E126DDA-025F-4B0A-BF5C-569656860605}.Release|Any CPU.ActiveCfg = Release|Any CPU
		{1E126DDA-025F-4B0A-BF5C-569656860605}.Release|Any CPU.Build.0 = Release|Any CPU
		{1E126DDA-025F-4B0A-BF5C-569656860605}.Release|Any CPU.Deploy.0 = Release|Any CPU
		{243CD313-61BC-4C1F-8ECD-9A0827F66F95}.Debug|Any CPU.ActiveCfg = Debug|Any CPU
		{243CD313-61BC-4C1F-8ECD-9A0827F66F95}.Debug|Any CPU.Build.0 = Debug|Any CPU
		{243CD313-61BC-4C1F-8ECD-9A0827F66F95}.Debug|Any CPU.Deploy.0 = Debug|Any CPU
		{243CD313-61BC-4C1F-8ECD-9A0827F66F95}.Release|Any CPU.ActiveCfg = Release|Any CPU
		{243CD313-61BC-4C1F-8ECD-9A0827F66F95}.Release|Any CPU.Build.0 = Release|Any CPU
		{243CD313-61BC-4C1F-8ECD-9A0827F66F95}.Release|Any CPU.Deploy.0 = Release|Any CPU
	EndGlobalSection
	GlobalSection(SolutionProperties) = preSolution
		HideSolutionNode = FALSE
	EndGlobalSection
	GlobalSection(ExtensibilityGlobals) = postSolution
		SolutionGuid = {E8BA792D-F7A8-4A5A-B76C-27945483D1BC}
	EndGlobalSection
EndGlobal
