
Microsoft Visual Studio Solution File, Format Version 12.00
# Visual Studio Version 16
VisualStudioVersion = 16.0.30804.86
MinimumVisualStudioVersion = 10.0.40219.1
Project("{9A19103F-16F7-4668-BE54-9A1E7A4F7556}") = "PCleaner", "PCleaner\PCleaner.csproj", "{600C38E6-F3B6-46DC-BD9C-893DFD5BCBE3}"
EndProject
Project("{FAE04EC0-301F-11D3-BF4B-00C04F79EFBC}") = "PCleanerClassLibrary", "PCleanerClassLibrary\PCleanerClassLibrary.csproj", "{ABADF05F-9AD0-4F7C-A4A8-35025A597063}"
EndProject
Global
	GlobalSection(SolutionConfigurationPlatforms) = preSolution
		Debug|Any CPU = Debug|Any CPU
		Release|Any CPU = Release|Any CPU
	EndGlobalSection
	GlobalSection(ProjectConfigurationPlatforms) = postSolution
		{600C38E6-F3B6-46DC-BD9C-893DFD5BCBE3}.Debug|Any CPU.ActiveCfg = Debug|Any CPU
		{600C38E6-F3B6-46DC-BD9C-893DFD5BCBE3}.Debug|Any CPU.Build.0 = Debug|Any CPU
		{600C38E6-F3B6-46DC-BD9C-893DFD5BCBE3}.Release|Any CPU.ActiveCfg = Release|Any CPU
		{600C38E6-F3B6-46DC-BD9C-893DFD5BCBE3}.Release|Any CPU.Build.0 = Release|Any CPU
		{ABADF05F-9AD0-4F7C-A4A8-35025A597063}.Debug|Any CPU.ActiveCfg = Debug|Any CPU
		{ABADF05F-9AD0-4F7C-A4A8-35025A597063}.Debug|Any CPU.Build.0 = Debug|Any CPU
		{ABADF05F-9AD0-4F7C-A4A8-35025A597063}.Release|Any CPU.ActiveCfg = Release|Any CPU
		{ABADF05F-9AD0-4F7C-A4A8-35025A597063}.Release|Any CPU.Build.0 = Release|Any CPU
	EndGlobalSection
	GlobalSection(SolutionProperties) = preSolution
		HideSolutionNode = FALSE
	EndGlobalSection
	GlobalSection(ExtensibilityGlobals) = postSolution
		SolutionGuid = {364486C5-5771-4F4F-A62B-5D12A60F6DC3}
	EndGlobalSection
EndGlobal
