
Microsoft Visual Studio Solution File, Format Version 12.00
# Visual Studio Version 16
VisualStudioVersion = 16.0.30711.63
MinimumVisualStudioVersion = 10.0.40219.1
Project("{FAE04EC0-301F-11D3-BF4B-00C04F79EFBC}") = "WordUnscrabler", "WordUnscrabler\WordUnscrabler.csproj", "{D54C4C2B-5197-4F86-B599-DCBA9401B479}"
EndProject
Global
	GlobalSection(SolutionConfigurationPlatforms) = preSolution
		Debug|Any CPU = Debug|Any CPU
		Release|Any CPU = Release|Any CPU
	EndGlobalSection
	GlobalSection(ProjectConfigurationPlatforms) = postSolution
		{D54C4C2B-5197-4F86-B599-DCBA9401B479}.Debug|Any CPU.ActiveCfg = Debug|Any CPU
		{D54C4C2B-5197-4F86-B599-DCBA9401B479}.Debug|Any CPU.Build.0 = Debug|Any CPU
		{D54C4C2B-5197-4F86-B599-DCBA9401B479}.Release|Any CPU.ActiveCfg = Release|Any CPU
		{D54C4C2B-5197-4F86-B599-DCBA9401B479}.Release|Any CPU.Build.0 = Release|Any CPU
	EndGlobalSection
	GlobalSection(SolutionProperties) = preSolution
		HideSolutionNode = FALSE
	EndGlobalSection
	GlobalSection(ExtensibilityGlobals) = postSolution
		SolutionGuid = {88137956-800A-4AC7-B03E-076196156356}
	EndGlobalSection
EndGlobal
