
Microsoft Visual Studio Solution File, Format Version 12.00
# Visual Studio Version 16
VisualStudioVersion = 16.0.31025.194
MinimumVisualStudioVersion = 10.0.40219.1
Project("{FAE04EC0-301F-11D3-BF4B-00C04F79EFBC}") = "SimpleCalculator.Android", "SimpleCalculator.Android\SimpleCalculator.Android.csproj", "{FEC2FC0B-6B15-4CE1-8273-6CD7BF538EB2}"
EndProject
Project("{FAE04EC0-301F-11D3-BF4B-00C04F79EFBC}") = "SimpleCalculator.iOS", "SimpleCalculator.iOS\SimpleCalculator.iOS.csproj", "{8DEBCEEA-5A5F-4C79-B1E1-C3FD1F921F14}"
EndProject
Project("{FAE04EC0-301F-11D3-BF4B-00C04F79EFBC}") = "SimpleCalculator", "SimpleCalculator\SimpleCalculator.csproj", "{9BFBD668-8A27-44AA-B6CA-D2437ECFE205}"
EndProject
Global
	GlobalSection(SolutionConfigurationPlatforms) = preSolution
		Debug|Any CPU = Debug|Any CPU
		Debug|iPhone = Debug|iPhone
		Debug|iPhoneSimulator = Debug|iPhoneSimulator
		Release|Any CPU = Release|Any CPU
		Release|iPhone = Release|iPhone
		Release|iPhoneSimulator = Release|iPhoneSimulator
	EndGlobalSection
	GlobalSection(ProjectConfigurationPlatforms) = postSolution
		{FEC2FC0B-6B15-4CE1-8273-6CD7BF538EB2}.Debug|Any CPU.ActiveCfg = Debug|Any CPU
		{FEC2FC0B-6B15-4CE1-8273-6CD7BF538EB2}.Debug|Any CPU.Build.0 = Debug|Any CPU
		{FEC2FC0B-6B15-4CE1-8273-6CD7BF538EB2}.Debug|Any CPU.Deploy.0 = Debug|Any CPU
		{FEC2FC0B-6B15-4CE1-8273-6CD7BF538EB2}.Debug|iPhone.ActiveCfg = Debug|Any CPU
		{FEC2FC0B-6B15-4CE1-8273-6CD7BF538EB2}.Debug|iPhone.Build.0 = Debug|Any CPU
		{FEC2FC0B-6B15-4CE1-8273-6CD7BF538EB2}.Debug|iPhone.Deploy.0 = Debug|Any CPU
		{FEC2FC0B-6B15-4CE1-8273-6CD7BF538EB2}.Debug|iPhoneSimulator.ActiveCfg = Debug|Any CPU
		{FEC2FC0B-6B15-4CE1-8273-6CD7BF538EB2}.Debug|iPhoneSimulator.Build.0 = Debug|Any CPU
		{FEC2FC0B-6B15-4CE1-8273-6CD7BF538EB2}.Debug|iPhoneSimulator.Deploy.0 = Debug|Any CPU
		{FEC2FC0B-6B15-4CE1-8273-6CD7BF538EB2}.Release|Any CPU.ActiveCfg = Release|Any CPU
		{FEC2FC0B-6B15-4CE1-8273-6CD7BF538EB2}.Release|Any CPU.Build.0 = Release|Any CPU
		{FEC2FC0B-6B15-4CE1-8273-6CD7BF538EB2}.Release|Any CPU.Deploy.0 = Release|Any CPU
		{FEC2FC0B-6B15-4CE1-8273-6CD7BF538EB2}.Release|iPhone.ActiveCfg = Release|Any CPU
		{FEC2FC0B-6B15-4CE1-8273-6CD7BF538EB2}.Release|iPhone.Build.0 = Release|Any CPU
		{FEC2FC0B-6B15-4CE1-8273-6CD7BF538EB2}.Release|iPhone.Deploy.0 = Release|Any CPU
		{FEC2FC0B-6B15-4CE1-8273-6CD7BF538EB2}.Release|iPhoneSimulator.ActiveCfg = Release|Any CPU
		{FEC2FC0B-6B15-4CE1-8273-6CD7BF538EB2}.Release|iPhoneSimulator.Build.0 = Release|Any CPU
		{FEC2FC0B-6B15-4CE1-8273-6CD7BF538EB2}.Release|iPhoneSimulator.Deploy.0 = Release|Any CPU
		{8DEBCEEA-5A5F-4C79-B1E1-C3FD1F921F14}.Debug|Any CPU.ActiveCfg = Debug|iPhone
		{8DEBCEEA-5A5F-4C79-B1E1-C3FD1F921F14}.Debug|Any CPU.Build.0 = Debug|iPhone
		{8DEBCEEA-5A5F-4C79-B1E1-C3FD1F921F14}.Debug|Any CPU.Deploy.0 = Debug|iPhone
		{8DEBCEEA-5A5F-4C79-B1E1-C3FD1F921F14}.Debug|iPhone.ActiveCfg = Debug|iPhone
		{8DEBCEEA-5A5F-4C79-B1E1-C3FD1F921F14}.Debug|iPhone.Build.0 = Debug|iPhone
		{8DEBCEEA-5A5F-4C79-B1E1-C3FD1F921F14}.Debug|iPhone.Deploy.0 = Debug|iPhone
		{8DEBCEEA-5A5F-4C79-B1E1-C3FD1F921F14}.Debug|iPhoneSimulator.ActiveCfg = Debug|iPhoneSimulator
		{8DEBCEEA-5A5F-4C79-B1E1-C3FD1F921F14}.Debug|iPhoneSimulator.Build.0 = Debug|iPhoneSimulator
		{8DEBCEEA-5A5F-4C79-B1E1-C3FD1F921F14}.Debug|iPhoneSimulator.Deploy.0 = Debug|iPhoneSimulator
		{8DEBCEEA-5A5F-4C79-B1E1-C3FD1F921F14}.Release|Any CPU.ActiveCfg = Release|iPhoneSimulator
		{8DEBCEEA-5A5F-4C79-B1E1-C3FD1F921F14}.Release|Any CPU.Build.0 = Release|iPhoneSimulator
		{8DEBCEEA-5A5F-4C79-B1E1-C3FD1F921F14}.Release|Any CPU.Deploy.0 = Release|iPhoneSimulator
		{8DEBCEEA-5A5F-4C79-B1E1-C3FD1F921F14}.Release|iPhone.ActiveCfg = Release|iPhone
		{8DEBCEEA-5A5F-4C79-B1E1-C3FD1F921F14}.Release|iPhone.Build.0 = Release|iPhone
		{8DEBCEEA-5A5F-4C79-B1E1-C3FD1F921F14}.Release|iPhone.Deploy.0 = Release|iPhone
		{8DEBCEEA-5A5F-4C79-B1E1-C3FD1F921F14}.Release|iPhoneSimulator.ActiveCfg = Release|iPhoneSimulator
		{8DEBCEEA-5A5F-4C79-B1E1-C3FD1F921F14}.Release|iPhoneSimulator.Build.0 = Release|iPhoneSimulator
		{8DEBCEEA-5A5F-4C79-B1E1-C3FD1F921F14}.Release|iPhoneSimulator.Deploy.0 = Release|iPhoneSimulator
		{9BFBD668-8A27-44AA-B6CA-D2437ECFE205}.Debug|Any CPU.ActiveCfg = Debug|Any CPU
		{9BFBD668-8A27-44AA-B6CA-D2437ECFE205}.Debug|Any CPU.Build.0 = Debug|Any CPU
		{9BFBD668-8A27-44AA-B6CA-D2437ECFE205}.Debug|Any CPU.Deploy.0 = Debug|Any CPU
		{9BFBD668-8A27-44AA-B6CA-D2437ECFE205}.Debug|iPhone.ActiveCfg = Debug|Any CPU
		{9BFBD668-8A27-44AA-B6CA-D2437ECFE205}.Debug|iPhone.Build.0 = Debug|Any CPU
		{9BFBD668-8A27-44AA-B6CA-D2437ECFE205}.Debug|iPhone.Deploy.0 = Debug|Any CPU
		{9BFBD668-8A27-44AA-B6CA-D2437ECFE205}.Debug|iPhoneSimulator.ActiveCfg = Debug|Any CPU
		{9BFBD668-8A27-44AA-B6CA-D2437ECFE205}.Debug|iPhoneSimulator.Build.0 = Debug|Any CPU
		{9BFBD668-8A27-44AA-B6CA-D2437ECFE205}.Debug|iPhoneSimulator.Deploy.0 = Debug|Any CPU
		{9BFBD668-8A27-44AA-B6CA-D2437ECFE205}.Release|Any CPU.ActiveCfg = Release|Any CPU
		{9BFBD668-8A27-44AA-B6CA-D2437ECFE205}.Release|Any CPU.Build.0 = Release|Any CPU
		{9BFBD668-8A27-44AA-B6CA-D2437ECFE205}.Release|Any CPU.Deploy.0 = Release|Any CPU
		{9BFBD668-8A27-44AA-B6CA-D2437ECFE205}.Release|iPhone.ActiveCfg = Release|Any CPU
		{9BFBD668-8A27-44AA-B6CA-D2437ECFE205}.Release|iPhone.Build.0 = Release|Any CPU
		{9BFBD668-8A27-44AA-B6CA-D2437ECFE205}.Release|iPhone.Deploy.0 = Release|Any CPU
		{9BFBD668-8A27-44AA-B6CA-D2437ECFE205}.Release|iPhoneSimulator.ActiveCfg = Release|Any CPU
		{9BFBD668-8A27-44AA-B6CA-D2437ECFE205}.Release|iPhoneSimulator.Build.0 = Release|Any CPU
		{9BFBD668-8A27-44AA-B6CA-D2437ECFE205}.Release|iPhoneSimulator.Deploy.0 = Release|Any CPU
	EndGlobalSection
	GlobalSection(SolutionProperties) = preSolution
		HideSolutionNode = FALSE
	EndGlobalSection
	GlobalSection(ExtensibilityGlobals) = postSolution
		SolutionGuid = {A2A8BA3C-EA57-40B6-BAB6-1569C2BB9402}
	EndGlobalSection
EndGlobal
