
Microsoft Visual Studio Solution File, Format Version 12.00
# Visual Studio Version 16
VisualStudioVersion = 16.0.31025.194
MinimumVisualStudioVersion = 10.0.40219.1
Project("{FAE04EC0-301F-11D3-BF4B-00C04F79EFBC}") = "SimpleHeartbeatService", "SimpleHeartbeatService.csproj", "{4FE229C8-E209-460B-B50D-124A18C208C0}"
EndProject
Global
	GlobalSection(SolutionConfigurationPlatforms) = preSolution
		Debug|Any CPU = Debug|Any CPU
		Release|Any CPU = Release|Any CPU
	EndGlobalSection
	GlobalSection(ProjectConfigurationPlatforms) = postSolution
		{4FE229C8-E209-460B-B50D-124A18C208C0}.Debug|Any CPU.ActiveCfg = Debug|Any CPU
		{4FE229C8-E209-460B-B50D-124A18C208C0}.Debug|Any CPU.Build.0 = Debug|Any CPU
		{4FE229C8-E209-460B-B50D-124A18C208C0}.Release|Any CPU.ActiveCfg = Release|Any CPU
		{4FE229C8-E209-460B-B50D-124A18C208C0}.Release|Any CPU.Build.0 = Release|Any CPU
	EndGlobalSection
	GlobalSection(SolutionProperties) = preSolution
		HideSolutionNode = FALSE
	EndGlobalSection
	GlobalSection(ExtensibilityGlobals) = postSolution
		SolutionGuid = {818444EA-4E62-44E6-A29A-694EC941BB90}
	EndGlobalSection
EndGlobal
